
Microsoft Visual Studio Solution File, Format Version 12.00
# Visual Studio Version 16
VisualStudioVersion = 16.0.30907.101
MinimumVisualStudioVersion = 10.0.40219.1
Project("{FAE04EC0-301F-11D3-BF4B-00C04F79EFBC}") = "CRUD-OOP", "CRUD-OOP\CRUD-OOP.csproj", "{9E35A42E-3C88-4C45-B9D4-2AF8D70D4C3D}"
EndProject
Global
	GlobalSection(SolutionConfigurationPlatforms) = preSolution
		Debug|Any CPU = Debug|Any CPU
		Release|Any CPU = Release|Any CPU
	EndGlobalSection
	GlobalSection(ProjectConfigurationPlatforms) = postSolution
		{9E35A42E-3C88-4C45-B9D4-2AF8D70D4C3D}.Debug|Any CPU.ActiveCfg = Debug|Any CPU
		{9E35A42E-3C88-4C45-B9D4-2AF8D70D4C3D}.Debug|Any CPU.Build.0 = Debug|Any CPU
		{9E35A42E-3C88-4C45-B9D4-2AF8D70D4C3D}.Release|Any CPU.ActiveCfg = Release|Any CPU
		{9E35A42E-3C88-4C45-B9D4-2AF8D70D4C3D}.Release|Any CPU.Build.0 = Release|Any CPU
	EndGlobalSection
	GlobalSection(SolutionProperties) = preSolution
		HideSolutionNode = FALSE
	EndGlobalSection
	GlobalSection(ExtensibilityGlobals) = postSolution
		SolutionGuid = {1B0A1DBD-A8AC-49AE-939D-E423A6616F2C}
	EndGlobalSection
EndGlobal
